{
  "version": 4,
  "terraform_version": "1.9.8",
  "serial": 7,
  "lineage": "10603aa3-2f20-ad44-c3f7-c50694a9a8e4",
  "outputs": {
    "my_app_name_docker_image_url": {
      "value": "891377196270.dkr.ecr.ap-south-1.amazonaws.com/my-app-name:latest",
      "type": "string"
    },
    "my_app_name_ecr_repository_url": {
      "value": "891377196270.dkr.ecr.ap-south-1.amazonaws.com/my-app-name",
      "type": "string"
    }
  },
  "resources": [
    {
      "mode": "managed",
      "type": "aws_ecr_repository",
      "name": "my_app_name",
      "provider": "provider[\"registry.terraform.io/hashicorp/aws\"]",
      "instances": [
        {
          "schema_version": 0,
          "attributes": {
            "arn": "arn:aws:ecr:ap-south-1:891377196270:repository/my-app-name",
            "encryption_configuration": [
              {
                "encryption_type": "AES256",
                "kms_key": ""
              }
            ],
            "force_delete": true,
            "id": "my-app-name",
            "image_scanning_configuration": [
              {
                "scan_on_push": true
              }
            ],
            "image_tag_mutability": "MUTABLE",
            "name": "my-app-name",
            "registry_id": "891377196270",
            "repository_url": "891377196270.dkr.ecr.ap-south-1.amazonaws.com/my-app-name",
            "tags": {
              "Environment": "POC",
              "Team": "DevOps"
            },
            "tags_all": {
              "Environment": "POC",
              "Team": "DevOps"
            },
            "timeouts": null
          },
          "sensitive_attributes": [],
          "private": "eyJlMmJmYjczMC1lY2FhLTExZTYtOGY4OC0zNDM2M2JjN2M0YzAiOnsiZGVsZXRlIjoxMjAwMDAwMDAwMDAwfX0="
        }
      ]
    },
    {
      "mode": "managed",
      "type": "docker_image",
      "name": "my_app_name",
      "provider": "provider[\"registry.terraform.io/kreuzwerker/docker\"]",
      "instances": [
        {
          "schema_version": 0,
          "attributes": {
            "build": [
              {
                "auth_config": [],
                "build_arg": null,
                "build_args": null,
                "build_id": "",
                "cache_from": [],
                "cgroup_parent": "",
                "context": "/home/latheef/ecr-eks-proj/docker/my_web_app",
                "cpu_period": null,
                "cpu_quota": null,
                "cpu_set_cpus": "",
                "cpu_set_mems": "",
                "cpu_shares": null,
                "dockerfile": "Dockerfile",
                "extra_hosts": [],
                "force_remove": null,
                "isolation": "",
                "label": null,
                "labels": null,
                "memory": null,
                "memory_swap": null,
                "network_mode": "",
                "no_cache": null,
                "platform": "",
                "pull_parent": null,
                "remote_context": "",
                "remove": true,
                "security_opt": [],
                "session_id": "",
                "shm_size": null,
                "squash": null,
                "suppress_output": null,
                "tag": [],
                "target": "",
                "ulimit": [],
                "version": ""
              }
            ],
            "force_remove": null,
            "id": "sha256:d91b0064f71159d6539909a2686fe4bc893766d53b2aa6ed97f035c60465c487891377196270.dkr.ecr.ap-south-1.amazonaws.com/my-app-name:latest",
            "image_id": "sha256:d91b0064f71159d6539909a2686fe4bc893766d53b2aa6ed97f035c60465c487",
            "keep_locally": null,
            "name": "891377196270.dkr.ecr.ap-south-1.amazonaws.com/my-app-name:latest",
            "platform": null,
            "pull_triggers": null,
            "repo_digest": "",
            "triggers": null
          },
          "sensitive_attributes": [],
          "private": "bnVsbA==",
          "dependencies": [
            "aws_ecr_repository.my_app_name"
          ]
        }
      ]
    },
    {
      "mode": "managed",
      "type": "null_resource",
      "name": "docker_ecr_login_my_app_name",
      "provider": "provider[\"registry.terraform.io/hashicorp/null\"]",
      "instances": [
        {
          "schema_version": 0,
          "attributes": {
            "id": "6098025352027957859",
            "triggers": null
          },
          "sensitive_attributes": [],
          "dependencies": [
            "aws_ecr_repository.my_app_name"
          ]
        }
      ]
    },
    {
      "mode": "managed",
      "type": "null_resource",
      "name": "push_my_app_name_to_ecr",
      "provider": "provider[\"registry.terraform.io/hashicorp/null\"]",
      "instances": [
        {
          "schema_version": 0,
          "attributes": {
            "id": "6855768410386275441",
            "triggers": null
          },
          "sensitive_attributes": [],
          "dependencies": [
            "aws_ecr_repository.my_app_name",
            "docker_image.my_app_name",
            "null_resource.docker_ecr_login_my_app_name"
          ]
        }
      ]
    }
  ],
  "check_results": null
}
